Microsoft Visual Studio Solution File, Format Version 11.00
# Visual Studio 2008

Project("{48925E87-2C36-C95C-E792-6FAF05F6C286}") = "ageofasura", "Assembly-CSharp-firstpass-vs.csproj", "{662C01E9-2746-1D17-A9F1-EEDA4CE344C2}"
EndProject
Project("{48925E87-2C36-C95C-E792-6FAF05F6C286}") = "ageofasura", "Assembly-CSharp-vs.csproj", "{ED2A9F1E-42FF-4044-748D-8BDA1039DFD6}"
EndProject
Project("{48925E87-2C36-C95C-E792-6FAF05F6C286}") = "ageofasura", "Assembly-CSharp-Editor-vs.csproj", "{A7E47D24-76B5-831D-AF95-90595EC73565}"
EndProject
Global
	GlobalSection(SolutionConfigurationPlatforms) = preSolution
		Debug|Any CPU = Debug|Any CPU
		Release|Any CPU = Release|Any CPU
	EndGlobalSection
	GlobalSection(ProjectConfigurationPlatforms) = postSolution
		{662C01E9-2746-1D17-A9F1-EEDA4CE344C2}.Debug|Any CPU.ActiveCfg = Debug|Any CPU
		{662C01E9-2746-1D17-A9F1-EEDA4CE344C2}.Debug|Any CPU.Build.0 = Debug|Any CPU
		{662C01E9-2746-1D17-A9F1-EEDA4CE344C2}.Release|Any CPU.ActiveCfg = Release|Any CPU
		{662C01E9-2746-1D17-A9F1-EEDA4CE344C2}.Release|Any CPU.Build.0 = Release|Any CPU
		{ED2A9F1E-42FF-4044-748D-8BDA1039DFD6}.Debug|Any CPU.ActiveCfg = Debug|Any CPU
		{ED2A9F1E-42FF-4044-748D-8BDA1039DFD6}.Debug|Any CPU.Build.0 = Debug|Any CPU
		{ED2A9F1E-42FF-4044-748D-8BDA1039DFD6}.Release|Any CPU.ActiveCfg = Release|Any CPU
		{ED2A9F1E-42FF-4044-748D-8BDA1039DFD6}.Release|Any CPU.Build.0 = Release|Any CPU
		{A7E47D24-76B5-831D-AF95-90595EC73565}.Debug|Any CPU.ActiveCfg = Debug|Any CPU
		{A7E47D24-76B5-831D-AF95-90595EC73565}.Debug|Any CPU.Build.0 = Debug|Any CPU
		{A7E47D24-76B5-831D-AF95-90595EC73565}.Release|Any CPU.ActiveCfg = Release|Any CPU
		{A7E47D24-76B5-831D-AF95-90595EC73565}.Release|Any CPU.Build.0 = Release|Any CPU
	EndGlobalSection
	GlobalSection(SolutionProperties) = preSolution
		HideSolutionNode = FALSE
	EndGlobalSection
											GlobalSection(MonoDevelopProperties) = preSolution
		StartupItem = Assembly-CSharp.csproj
		Policies = $0
		$0.TextStylePolicy = $1
		$1.inheritsSet = null
		$1.scope = text/x-csharp
		$0.CSharpFormattingPolicy = $2
		$2.inheritsSet = Mono
		$2.inheritsScope = text/x-csharp
		$2.scope = text/x-csharp
		$0.TextStylePolicy = $3
		$3.FileWidth = 120
		$3.TabWidth = 4
		$3.IndentWidth = 4
		$3.EolMarker = Unix
		$3.inheritsSet = Mono
		$3.inheritsScope = text/plain
		$3.scope = text/plain
	EndGlobalSection

EndGlobal
